
Microsoft Visual Studio Solution File, Format Version 12.00
# Visual Studio Version 17
VisualStudioVersion = 17.3.32929.385
MinimumVisualStudioVersion = 10.0.40219.1
Project("{FAE04EC0-301F-11D3-BF4B-00C04F79EFBC}") = "appallaktiki_ergasia_2023_thema_3", "appallaktiki_ergasia_2023_thema_3\appallaktiki_ergasia_2023_thema_3.csproj", "{32BB7433-CBC2-41DA-9A88-CF17D6DB2365}"
EndProject
Global
	GlobalSection(SolutionConfigurationPlatforms) = preSolution
		Debug|Any CPU = Debug|Any CPU
		Release|Any CPU = Release|Any CPU
	EndGlobalSection
	GlobalSection(ProjectConfigurationPlatforms) = postSolution
		{32BB7433-CBC2-41DA-9A88-CF17D6DB2365}.Debug|Any CPU.ActiveCfg = Debug|Any CPU
		{32BB7433-CBC2-41DA-9A88-CF17D6DB2365}.Debug|Any CPU.Build.0 = Debug|Any CPU
		{32BB7433-CBC2-41DA-9A88-CF17D6DB2365}.Release|Any CPU.ActiveCfg = Release|Any CPU
		{32BB7433-CBC2-41DA-9A88-CF17D6DB2365}.Release|Any CPU.Build.0 = Release|Any CPU
	EndGlobalSection
	GlobalSection(SolutionProperties) = preSolution
		HideSolutionNode = FALSE
	EndGlobalSection
	GlobalSection(ExtensibilityGlobals) = postSolution
		SolutionGuid = {D83B594E-B057-4908-9F99-82D7CAAE857C}
	EndGlobalSection
EndGlobal
